// !$*UTF8*$!
{
	archiveVersion = 1;
	classes = {
	};
	objectVersion = 46;
	objects = {

/* Begin PBXBuildFile section */
		1F92FE201942386B009DAC70 /* AppDelegate.swift in Sources */ = {isa = PBXBuildFile; fileRef = 1F92FE1F1942386B009DAC70 /* AppDelegate.swift */; };
		1F92FE221942386B009DAC70 /* ViewController.swift in Sources */ = {isa = PBXBuildFile; fileRef = 1F92FE211942386B009DAC70 /* ViewController.swift */; };
		1F92FE251942386B009DAC70 /* Main.storyboard in Resources */ = {isa = PBXBuildFile; fileRef = 1F92FE231942386B009DAC70 /* Main.storyboard */; };
		1F92FE271942386B009DAC70 /* Images.xcassets in Resources */ = {isa = PBXBuildFile; fileRef = 1F92FE261942386B009DAC70 /* Images.xcassets */; };
		1F92FE331942386B009DAC70 /* Pick_For_MeTests.swift in Sources */ = {isa = PBXBuildFile; fileRef = 1F92FE321942386B009DAC70 /* Pick_For_MeTests.swift */; };
/* End PBXBuildFile section */

/* Begin PBXContainerItemProxy section */
		1F92FE2D1942386B009DAC70 /* PBXContainerItemProxy */ = {
			isa = PBXContainerItemProxy;
			containerPortal = 1F92FE121942386B009DAC70 /* Project object */;
			proxyType = 1;
			remoteGlobalIDString = 1F92FE191942386B009DAC70;
			remoteInfo = "Pick For Me";
		};
/* End PBXContainerItemProxy section */

/* Begin PBXFileReference section */
		1F92FE1A1942386B009DAC70 /* Pick For Me.app */ = {isa = PBXFileReference; explicitFileType = wrapper.application; includeInIndex = 0; path = "Pick For Me.app"; sourceTree = BUILT_PRODUCTS_DIR; };
		1F92FE1E1942386B009DAC70 /* Info.plist */ = {isa = PBXFileReference; lastKnownFileType = text.plist.xml; path = Info.plist; sourceTree = "<group>"; };
		1F92FE1F1942386B009DAC70 /* AppDelegate.swift */ = {isa = PBXFileReference; lastKnownFileType = sourcecode.swift; path = AppDelegate.swift; sourceTree = "<group>"; };
		1F92FE211942386B009DAC70 /* ViewController.swift */ = {isa = PBXFileReference; lastKnownFileType = sourcecode.swift; path = ViewController.swift; sourceTree = "<group>"; };
		1F92FE241942386B009DAC70 /* Base */ = {isa = PBXFileReference; lastKnownFileType = file.storyboard; name = Base; path = Base.lproj/Main.storyboard; sourceTree = "<group>"; };
		1F92FE261942386B009DAC70 /* Images.xcassets */ = {isa = PBXFileReference; lastKnownFileType = folder.assetcatalog; path = Images.xcassets; sourceTree = "<group>"; };
		1F92FE2C1942386B009DAC70 /* Pick For MeTests.xctest */ = {isa = PBXFileReference; explicitFileType = wrapper.cfbundle; includeInIndex = 0; path = "Pick For MeTests.xctest"; sourceTree = BUILT_PRODUCTS_DIR; };
		1F92FE311942386B009DAC70 /* Info.plist */ = {isa = PBXFileReference; lastKnownFileType = text.plist.xml; path = Info.plist; sourceTree = "<group>"; };
		1F92FE321942386B009DAC70 /* Pick_For_MeTests.swift */ = {isa = PBXFileReference; lastKnownFileType = sourcecode.swift; path = Pick_For_MeTests.swift; sourceTree = "<group>"; };
/* End PBXFileReference section */

/* Begin PBXFrameworksBuildPhase section */
		1F92FE171942386B009DAC70 /* Frameworks */ = {
			isa = PBXFrameworksBuildPhase;
			buildActionMask = 2147483647;
			files = (
			);
			runOnlyForDeploymentPostprocessing = 0;
		};
		1F92FE291942386B009DAC70 /* Frameworks */ = {
			isa = PBXFrameworksBuildPhase;
			buildActionMask = 2147483647;
			files = (
			);
			runOnlyForDeploymentPostprocessing = 0;
		};
/* End PBXFrameworksBuildPhase section */

/* Begin PBXGroup section */
		1F92FE111942386B009DAC70 = {
			isa = PBXGroup;
			children = (
				1F92FE1C1942386B009DAC70 /* Pick For Me */,
				1F92FE2F1942386B009DAC70 /* Pick For MeTests */,
				1F92FE1B1942386B009DAC70 /* Products */,
			);
			sourceTree = "<group>";
		};
		1F92FE1B1942386B009DAC70 /* Products */ = {
			isa = PBXGroup;
			children = (
				1F92FE1A1942386B009DAC70 /* Pick For Me.app */,
				1F92FE2C1942386B009DAC70 /* Pick For MeTests.xctest */,
			);
			name = Products;
			sourceTree = "<group>";
		};
		1F92FE1C1942386B009DAC70 /* Pick For Me */ = {
			isa = PBXGroup;
			children = (
				1F92FE1F1942386B009DAC70 /* AppDelegate.swift */,
				1F92FE211942386B009DAC70 /* ViewController.swift */,
				1F92FE231942386B009DAC70 /* Main.storyboard */,
				1F92FE261942386B009DAC70 /* Images.xcassets */,
				1F92FE1D1942386B009DAC70 /* Supporting Files */,
			);
			path = "Pick For Me";
			sourceTree = "<group>";
		};
		1F92FE1D1942386B009DAC70 /* Supporting Files */ = {
			isa = PBXGroup;
			children = (
				1F92FE1E1942386B009DAC70 /* Info.plist */,
			);
			name = "Supporting Files";
			sourceTree = "<group>";
		};
		1F92FE2F1942386B009DAC70 /* Pick For MeTests */ = {
			isa = PBXGroup;
			children = (
				1F92FE321942386B009DAC70 /* Pick_For_MeTests.swift */,
				1F92FE301942386B009DAC70 /* Supporting Files */,
			);
			path = "Pick For MeTests";
			sourceTree = "<group>";
		};
		1F92FE301942386B009DAC70 /* Supporting Files */ = {
			isa = PBXGroup;
			children = (
				1F92FE311942386B009DAC70 /* Info.plist */,
			);
			name = "Supporting Files";
			sourceTree = "<group>";
		};
/* End PBXGroup section */

/* Begin PBXNativeTarget section */
		1F92FE191942386B009DAC70 /* Pick For Me */ = {
			isa = PBXNativeTarget;
			buildConfigurationList = 1F92FE361942386B009DAC70 /* Build configuration list for PBXNativeTarget "Pick For Me" */;
			buildPhases = (
				1F92FE161942386B009DAC70 /* Sources */,
				1F92FE171942386B009DAC70 /* Frameworks */,
				1F92FE181942386B009DAC70 /* Resources */,
			);
			buildRules = (
			);
			dependencies = (
			);
			name = "Pick For Me";
			productName = "Pick For Me";
			productReference = 1F92FE1A1942386B009DAC70 /* Pick For Me.app */;
			productType = "com.apple.product-type.application";
		};
		1F92FE2B1942386B009DAC70 /* Pick For MeTests */ = {
			isa = PBXNativeTarget;
			buildConfigurationList = 1F92FE391942386B009DAC70 /* Build configuration list for PBXNativeTarget "Pick For MeTests" */;
			buildPhases = (
				1F92FE281942386B009DAC70 /* Sources */,
				1F92FE291942386B009DAC70 /* Frameworks */,
				1F92FE2A1942386B009DAC70 /* Resources */,
			);
			buildRules = (
			);
			dependencies = (
				1F92FE2E1942386B009DAC70 /* PBXTargetDependency */,
			);
			name = "Pick For MeTests";
			productName = "Pick For MeTests";
			productReference = 1F92FE2C1942386B009DAC70 /* Pick For MeTests.xctest */;
			productType = "com.apple.product-type.bundle.unit-test";
		};
/* End PBXNativeTarget section */

/* Begin PBXProject section */
		1F92FE121942386B009DAC70 /* Project object */ = {
			isa = PBXProject;
			attributes = {
				LastUpgradeCheck = 0600;
				ORGANIZATIONNAME = "Kasey Schindler";
				TargetAttributes = {
					1F92FE191942386B009DAC70 = {
						CreatedOnToolsVersion = 6.0;
					};
					1F92FE2B1942386B009DAC70 = {
						CreatedOnToolsVersion = 6.0;
						TestTargetID = 1F92FE191942386B009DAC70;
					};
				};
			};
			buildConfigurationList = 1F92FE151942386B009DAC70 /* Build configuration list for PBXProject "Pick For Me" */;
			compatibilityVersion = "Xcode 3.2";
			developmentRegion = English;
			hasScannedForEncodings = 0;
			knownRegions = (
				en,
				Base,
			);
			mainGroup = 1F92FE111942386B009DAC70;
			productRefGroup = 1F92FE1B1942386B009DAC70 /* Products */;
			projectDirPath = "";
			projectRoot = "";
			targets = (
				1F92FE191942386B009DAC70 /* Pick For Me */,
				1F92FE2B1942386B009DAC70 /* Pick For MeTests */,
			);
		};
/* End PBXProject section */

/* Begin PBXResourcesBuildPhase section */
		1F92FE181942386B009DAC70 /* Resources */ = {
			isa = PBXResourcesBuildPhase;
			buildActionMask = 2147483647;
			files = (
				1F92FE251942386B009DAC70 /* Main.storyboard in Resources */,
				1F92FE271942386B009DAC70 /* Images.xcassets in Resources */,
			);
			runOnlyForDeploymentPostprocessing = 0;
		};
		1F92FE2A1942386B009DAC70 /* Resources */ = {
			isa = PBXResourcesBuildPhase;
			buildActionMask = 2147483647;
			files = (
			);
			runOnlyForDeploymentPostprocessing = 0;
		};
/* End PBXResourcesBuildPhase section */

/* Begin PBXSourcesBuildPhase section */
		1F92FE161942386B009DAC70 /* Sources */ = {
			isa = PBXSourcesBuildPhase;
			buildActionMask = 2147483647;
			files = (
				1F92FE221942386B009DAC70 /* ViewController.swift in Sources */,
				1F92FE201942386B009DAC70 /* AppDelegate.swift in Sources */,
			);
			runOnlyForDeploymentPostprocessing = 0;
		};
		1F92FE281942386B009DAC70 /* Sources */ = {
			isa = PBXSourcesBuildPhase;
			buildActionMask = 2147483647;
			files = (
				1F92FE331942386B009DAC70 /* Pick_For_MeTests.swift in Sources */,
			);
			runOnlyForDeploymentPostprocessing = 0;
		};
/* End PBXSourcesBuildPhase section */

/* Begin PBXTargetDependency section */
		1F92FE2E1942386B009DAC70 /* PBXTargetDependency */ = {
			isa = PBXTargetDependency;
			target = 1F92FE191942386B009DAC70 /* Pick For Me */;
			targetProxy = 1F92FE2D1942386B009DAC70 /* PBXContainerItemProxy */;
		};
/* End PBXTargetDependency section */

/* Begin PBXVariantGroup section */
		1F92FE231942386B009DAC70 /* Main.storyboard */ = {
			isa = PBXVariantGroup;
			children = (
				1F92FE241942386B009DAC70 /* Base */,
			);
			name = Main.storyboard;
			sourceTree = "<group>";
		};
/* End PBXVariantGroup section */

/* Begin XCBuildConfiguration section */
		1F92FE341942386B009DAC70 /* Debug */ = {
			isa = XCBuildConfiguration;
			buildSettings = {
				ALWAYS_SEARCH_USER_PATHS = NO;
				CLANG_CXX_LANGUAGE_STANDARD = "gnu++0x";
				CLANG_CXX_LIBRARY = "libc++";
				CLANG_ENABLE_MODULES = YES;
				CLANG_ENABLE_OBJC_ARC = YES;
				CLANG_WARN_BOOL_CONVERSION = YES;
				CLANG_WARN_CONSTANT_CONVERSION = YES;
				CLANG_WARN_DIRECT_OBJC_ISA_USAGE = YES_ERROR;
				CLANG_WARN_EMPTY_BODY = YES;
				CLANG_WARN_ENUM_CONVERSION = YES;
				CLANG_WARN_INT_CONVERSION = YES;
				CLANG_WARN_OBJC_ROOT_CLASS = YES_ERROR;
				CLANG_WARN_UNREACHABLE_CODE = YES;
				CLANG_WARN__DUPLICATE_METHOD_MATCH = YES;
				"CODE_SIGN_IDENTITY[sdk=iphoneos*]" = "iPhone Developer";
				COPY_PHASE_STRIP = NO;
				ENABLE_STRICT_OBJC_MSGSEND = YES;
				GCC_C_LANGUAGE_STANDARD = gnu99;
				GCC_DYNAMIC_NO_PIC = NO;
				GCC_OPTIMIZATION_LEVEL = 0;
				GCC_PREPROCESSOR_DEFINITIONS = (
					"DEBUG=1",
					"$(inherited)",
				);
				GCC_SYMBOLS_PRIVATE_EXTERN = NO;
				GCC_WARN_64_TO_32_BIT_CONVERSION = YES;
				GCC_WARN_ABOUT_RETURN_TYPE = YES_ERROR;
				GCC_WARN_UNDECLARED_SELECTOR = YES;
				GCC_WARN_UNINITIALIZED_AUTOS = YES_AGGRESSIVE;
				GCC_WARN_UNUSED_FUNCTION = YES;
				GCC_WARN_UNUSED_VARIABLE = YES;
				IPHONEOS_DEPLOYMENT_TARGET = 8.0;
				METAL_ENABLE_DEBUG_INFO = YES;
				ONLY_ACTIVE_ARCH = YES;
				SDKROOT = iphoneos;
				SWIFT_OPTIMIZATION_LEVEL = "-Onone";
			};
			name = Debug;
		};
		1F92FE351942386B009DAC70 /* Release */ = {
			isa = XCBuildConfiguration;
			buildSettings = {
				ALWAYS_SEARCH_USER_PATHS = NO;
				CLANG_CXX_LANGUAGE_STANDARD = "gnu++0x";
				CLANG_CXX_LIBRARY = "libc++";
				CLANG_ENABLE_MODULES = YES;
				CLANG_ENABLE_OBJC_ARC = YES;
				CLANG_WARN_BOOL_CONVERSION = YES;
				CLANG_WARN_CONSTANT_CONVERSION = YES;
				CLANG_WARN_DIRECT_OBJC_ISA_USAGE = YES_ERROR;
				CLANG_WARN_EMPTY_BODY = YES;
				CLANG_WARN_ENUM_CONVERSION = YES;
				CLANG_WARN_INT_CONVERSION = YES;
				CLANG_WARN_OBJC_ROOT_CLASS = YES_ERROR;
				CLANG_WARN_UNREACHABLE_CODE = YES;
				CLANG_WARN__DUPLICATE_METHOD_MATCH = YES;
				"CODE_SIGN_IDENTITY[sdk=iphoneos*]" = "iPhone Developer";
				COPY_PHASE_STRIP = YES;
				ENABLE_NS_ASSERTIONS = NO;
				ENABLE_STRICT_OBJC_MSGSEND = YES;
				GCC_C_LANGUAGE_STANDARD = gnu99;
				GCC_WARN_64_TO_32_BIT_CONVERSION = YES;
				GCC_WARN_ABOUT_RETURN_TYPE = YES_ERROR;
				GCC_WARN_UNDECLARED_SELECTOR = YES;
				GCC_WARN_UNINITIALIZED_AUTOS = YES_AGGRESSIVE;
				GCC_WARN_UNUSED_FUNCTION = YES;
				GCC_WARN_UNUSED_VARIABLE = YES;
				IPHONEOS_DEPLOYMENT_TARGET = 8.0;
				METAL_ENABLE_DEBUG_INFO = NO;
				SDKROOT = iphoneos;
				VALIDATE_PRODUCT = YES;
			};
			name = Release;
		};
		1F92FE371942386B009DAC70 /* Debug */ = {
			isa = XCBuildConfiguration;
			buildSettings = {
				ASSETCATALOG_COMPILER_APPICON_NAME = AppIcon;
				ASSETCATALOG_COMPILER_LAUNCHIMAGE_NAME = LaunchImage;
				INFOPLIST_FILE = "Pick For Me/Info.plist";
				LD_RUNPATH_SEARCH_PATHS = "$(inherited) @executable_path/Frameworks";
				PRODUCT_NAME = "$(TARGET_NAME)";
			};
			name = Debug;
		};
		1F92FE381942386B009DAC70 /* Release */ = {
			isa = XCBuildConfiguration;
			buildSettings = {
				ASSETCATALOG_COMPILER_APPICON_NAME = AppIcon;
				ASSETCATALOG_COMPILER_LAUNCHIMAGE_NAME = LaunchImage;
				INFOPLIST_FILE = "Pick For Me/Info.plist";
				LD_RUNPATH_SEARCH_PATHS = "$(inherited) @executable_path/Frameworks";
				PRODUCT_NAME = "$(TARGET_NAME)";
			};
			name = Release;
		};
		1F92FE3A1942386B009DAC70 /* Debug */ = {
			isa = XCBuildConfiguration;
			buildSettings = {
				BUNDLE_LOADER = "$(BUILT_PRODUCTS_DIR)/Pick For Me.app/Pick For Me";
				FRAMEWORK_SEARCH_PATHS = (
					"$(SDKROOT)/Developer/Library/Frameworks",
					"$(inherited)",
				);
				GCC_PREPROCESSOR_DEFINITIONS = (
					"DEBUG=1",
					"$(inherited)",
				);
				INFOPLIST_FILE = "Pick For MeTests/Info.plist";
				LD_RUNPATH_SEARCH_PATHS = "$(inherited) @executable_path/Frameworks @loader_path/Frameworks";
				METAL_ENABLE_DEBUG_INFO = YES;
				PRODUCT_NAME = "$(TARGET_NAME)";
				TEST_HOST = "$(BUNDLE_LOADER)";
			};
			name = Debug;
		};
		1F92FE3B1942386B009DAC70 /* Release */ = {
			isa = XCBuildConfiguration;
			buildSettings = {
				BUNDLE_LOADER = "$(BUILT_PRODUCTS_DIR)/Pick For Me.app/Pick For Me";
				FRAMEWORK_SEARCH_PATHS = (
					"$(SDKROOT)/Developer/Library/Frameworks",
					"$(inherited)",
				);
				INFOPLIST_FILE = "Pick For MeTests/Info.plist";
				LD_RUNPATH_SEARCH_PATHS = "$(inherited) @executable_path/Frameworks @loader_path/Frameworks";
				METAL_ENABLE_DEBUG_INFO = NO;
				PRODUCT_NAME = "$(TARGET_NAME)";
				TEST_HOST = "$(BUNDLE_LOADER)";
			};
			name = Release;
		};
/* End XCBuildConfiguration section */

/* Begin XCConfigurationList section */
		1F92FE151942386B009DAC70 /* Build configuration list for PBXProject "Pick For Me" */ = {
			isa = XCConfigurationList;
			buildConfigurations = (
				1F92FE341942386B009DAC70 /* Debug */,
				1F92FE351942386B009DAC70 /* Release */,
			);
			defaultConfigurationIsVisible = 0;
			defaultConfigurationName = Release;
		};
		1F92FE361942386B009DAC70 /* Build configuration list for PBXNativeTarget "Pick For Me" */ = {
			isa = XCConfigurationList;
			buildConfigurations = (
				1F92FE371942386B009DAC70 /* Debug */,
				1F92FE381942386B009DAC70 /* Release */,
			);
			defaultConfigurationIsVisible = 0;
		};
		1F92FE391942386B009DAC70 /* Build configuration list for PBXNativeTarget "Pick For MeTests" */ = {
			isa = XCConfigurationList;
			buildConfigurations = (
				1F92FE3A1942386B009DAC70 /* Debug */,
				1F92FE3B1942386B009DAC70 /* Release */,
			);
			defaultConfigurationIsVisible = 0;
		};
/* End XCConfigurationList section */
	};
	rootObject = 1F92FE121942386B009DAC70 /* Project object */;
}
